// !$*UTF8*$!
{
	archiveVersion = 1;
	classes = {
	};
	objectVersion = 55;
	objects = {

/* Begin PBXBuildFile section */
		5B2CC54228AE97730021F0D6 /* main.cpp in Sources */ = {isa = PBXBuildFile; fileRef = 5B2CC54128AE97730021F0D6 /* main.cpp */; };
		5B2CC54A28AE979F0021F0D6 /* RandomPlacementShips.cpp in Sources */ = {isa = PBXBuildFile; fileRef = 5B2CC54828AE979F0021F0D6 /* RandomPlacementShips.cpp */; };
		5B2CC54D28AF99450021F0D6 /* Ship.cpp in Sources */ = {isa = PBXBuildFile; fileRef = 5B2CC54B28AF99450021F0D6 /* Ship.cpp */; };
		5BAEB4BF28B92D9B00478C8F /* OptionaleGame.cpp in Sources */ = {isa = PBXBuildFile; fileRef = 5BAEB4BD28B92D9B00478C8F /* OptionaleGame.cpp */; };
/* End PBXBuildFile section */

/* Begin PBXCopyFilesBuildPhase section */
		5B2CC53C28AE97730021F0D6 /* CopyFiles */ = {
			isa = PBXCopyFilesBuildPhase;
			buildActionMask = 2147483647;
			dstPath = /usr/share/man/man1/;
			dstSubfolderSpec = 0;
			files = (
			);
			runOnlyForDeploymentPostprocessing = 1;
		};
/* End PBXCopyFilesBuildPhase section */

/* Begin PBXFileReference section */
		5B2CC53E28AE97730021F0D6 /* SeaBattle */ = {isa = PBXFileReference; explicitFileType = "compiled.mach-o.executable"; includeInIndex = 0; path = SeaBattle; sourceTree = BUILT_PRODUCTS_DIR; };
		5B2CC54128AE97730021F0D6 /* main.cpp */ = {isa = PBXFileReference; lastKnownFileType = sourcecode.cpp.cpp; path = main.cpp; sourceTree = "<group>"; };
		5B2CC54828AE979F0021F0D6 /* RandomPlacementShips.cpp */ = {isa = PBXFileReference; lastKnownFileType = sourcecode.cpp.cpp; path = RandomPlacementShips.cpp; sourceTree = "<group>"; };
		5B2CC54928AE979F0021F0D6 /* RandomPlacementShips.hpp */ = {isa = PBXFileReference; lastKnownFileType = sourcecode.cpp.h; path = RandomPlacementShips.hpp; sourceTree = "<group>"; };
		5B2CC54B28AF99450021F0D6 /* Ship.cpp */ = {isa = PBXFileReference; lastKnownFileType = sourcecode.cpp.cpp; path = Ship.cpp; sourceTree = "<group>"; };
		5B2CC54C28AF99450021F0D6 /* Ship.hpp */ = {isa = PBXFileReference; lastKnownFileType = sourcecode.cpp.h; path = Ship.hpp; sourceTree = "<group>"; };
		5BAEB4BD28B92D9B00478C8F /* OptionaleGame.cpp */ = {isa = PBXFileReference; lastKnownFileType = sourcecode.cpp.cpp; path = OptionaleGame.cpp; sourceTree = "<group>"; };
		5BAEB4BE28B92D9B00478C8F /* OptionaleGame.hpp */ = {isa = PBXFileReference; lastKnownFileType = sourcecode.cpp.h; path = OptionaleGame.hpp; sourceTree = "<group>"; };
/* End PBXFileReference section */

/* Begin PBXFrameworksBuildPhase section */
		5B2CC53B28AE97730021F0D6 /* Frameworks */ = {
			isa = PBXFrameworksBuildPhase;
			buildActionMask = 2147483647;
			files = (
			);
			runOnlyForDeploymentPostprocessing = 0;
		};
/* End PBXFrameworksBuildPhase section */

/* Begin PBXGroup section */
		5B2CC53528AE97730021F0D6 = {
			isa = PBXGroup;
			children = (
				5B2CC54028AE97730021F0D6 /* SeaBattle */,
				5B2CC53F28AE97730021F0D6 /* Products */,
			);
			sourceTree = "<group>";
		};
		5B2CC53F28AE97730021F0D6 /* Products */ = {
			isa = PBXGroup;
			children = (
				5B2CC53E28AE97730021F0D6 /* SeaBattle */,
			);
			name = Products;
			sourceTree = "<group>";
		};
		5B2CC54028AE97730021F0D6 /* SeaBattle */ = {
			isa = PBXGroup;
			children = (
				5B2CC54128AE97730021F0D6 /* main.cpp */,
				5B2CC54928AE979F0021F0D6 /* RandomPlacementShips.hpp */,
				5B2CC54828AE979F0021F0D6 /* RandomPlacementShips.cpp */,
				5BAEB4BE28B92D9B00478C8F /* OptionaleGame.hpp */,
				5BAEB4BD28B92D9B00478C8F /* OptionaleGame.cpp */,
				5B2CC54C28AF99450021F0D6 /* Ship.hpp */,
				5B2CC54B28AF99450021F0D6 /* Ship.cpp */,
			);
			path = SeaBattle;
			sourceTree = "<group>";
		};
/* End PBXGroup section */

/* Begin PBXNativeTarget section */
		5B2CC53D28AE97730021F0D6 /* SeaBattle */ = {
			isa = PBXNativeTarget;
			buildConfigurationList = 5B2CC54528AE97730021F0D6 /* Build configuration list for PBXNativeTarget "SeaBattle" */;
			buildPhases = (
				5B2CC53A28AE97730021F0D6 /* Sources */,
				5B2CC53B28AE97730021F0D6 /* Frameworks */,
				5B2CC53C28AE97730021F0D6 /* CopyFiles */,
			);
			buildRules = (
			);
			dependencies = (
			);
			name = SeaBattle;
			productName = SeaBattle;
			productReference = 5B2CC53E28AE97730021F0D6 /* SeaBattle */;
			productType = "com.apple.product-type.tool";
		};
/* End PBXNativeTarget section */

/* Begin PBXProject section */
		5B2CC53628AE97730021F0D6 /* Project object */ = {
			isa = PBXProject;
			attributes = {
				BuildIndependentTargetsInParallel = 1;
				LastUpgradeCheck = 1340;
				TargetAttributes = {
					5B2CC53D28AE97730021F0D6 = {
						CreatedOnToolsVersion = 13.4.1;
					};
				};
			};
			buildConfigurationList = 5B2CC53928AE97730021F0D6 /* Build configuration list for PBXProject "SeaBattle" */;
			compatibilityVersion = "Xcode 13.0";
			developmentRegion = en;
			hasScannedForEncodings = 0;
			knownRegions = (
				en,
				Base,
			);
			mainGroup = 5B2CC53528AE97730021F0D6;
			productRefGroup = 5B2CC53F28AE97730021F0D6 /* Products */;
			projectDirPath = "";
			projectRoot = "";
			targets = (
				5B2CC53D28AE97730021F0D6 /* SeaBattle */,
			);
		};
/* End PBXProject section */

/* Begin PBXSourcesBuildPhase section */
		5B2CC53A28AE97730021F0D6 /* Sources */ = {
			isa = PBXSourcesBuildPhase;
			buildActionMask = 2147483647;
			files = (
				5B2CC54D28AF99450021F0D6 /* Ship.cpp in Sources */,
				5B2CC54A28AE979F0021F0D6 /* RandomPlacementShips.cpp in Sources */,
				5B2CC54228AE97730021F0D6 /* main.cpp in Sources */,
				5BAEB4BF28B92D9B00478C8F /* OptionaleGame.cpp in Sources */,
			);
			runOnlyForDeploymentPostprocessing = 0;
		};
/* End PBXSourcesBuildPhase section */

/* Begin XCBuildConfiguration section */
		5B2CC54328AE97730021F0D6 /* Debug */ = {
			isa = XCBuildConfiguration;
			buildSettings = {
				ALWAYS_SEARCH_USER_PATHS = NO;
				CLANG_ANALYZER_NONNULL = YES;
				CLANG_ANALYZER_NUMBER_OBJECT_CONVERSION = YES_AGGRESSIVE;
				CLANG_CXX_LANGUAGE_STANDARD = "gnu++17";
				CLANG_ENABLE_MODULES = YES;
				CLANG_ENABLE_OBJC_ARC = YES;
				CLANG_ENABLE_OBJC_WEAK = YES;
				CLANG_WARN_BLOCK_CAPTURE_AUTORELEASING = YES;
				CLANG_WARN_BOOL_CONVERSION = YES;
				CLANG_WARN_COMMA = YES;
				CLANG_WARN_CONSTANT_CONVERSION = YES;
				CLANG_WARN_DEPRECATED_OBJC_IMPLEMENTATIONS = YES;
				CLANG_WARN_DIRECT_OBJC_ISA_USAGE = YES_ERROR;
				CLANG_WARN_DOCUMENTATION_COMMENTS = YES;
				CLANG_WARN_EMPTY_BODY = YES;
				CLANG_WARN_ENUM_CONVERSION = YES;
				CLANG_WARN_INFINITE_RECURSION = YES;
				CLANG_WARN_INT_CONVERSION = YES;
				CLANG_WARN_NON_LITERAL_NULL_CONVERSION = YES;
				CLANG_WARN_OBJC_IMPLICIT_RETAIN_SELF = YES;
				CLANG_WARN_OBJC_LITERAL_CONVERSION = YES;
				CLANG_WARN_OBJC_ROOT_CLASS = YES_ERROR;
				CLANG_WARN_QUOTED_INCLUDE_IN_FRAMEWORK_HEADER = YES;
				CLANG_WARN_RANGE_LOOP_ANALYSIS = YES;
				CLANG_WARN_STRICT_PROTOTYPES = YES;
				CLANG_WARN_SUSPICIOUS_MOVE = YES;
				CLANG_WARN_UNGUARDED_AVAILABILITY = YES_AGGRESSIVE;
				CLANG_WARN_UNREACHABLE_CODE = YES;
				CLANG_WARN__DUPLICATE_METHOD_MATCH = YES;
				COPY_PHASE_STRIP = NO;
				DEBUG_INFORMATION_FORMAT = dwarf;
				ENABLE_STRICT_OBJC_MSGSEND = YES;
				ENABLE_TESTABILITY = YES;
				GCC_C_LANGUAGE_STANDARD = gnu11;
				GCC_DYNAMIC_NO_PIC = NO;
				GCC_NO_COMMON_BLOCKS = YES;
				GCC_OPTIMIZATION_LEVEL = 0;
				GCC_PREPROCESSOR_DEFINITIONS = (
					"DEBUG=1",
					"$(inherited)",
				);
				GCC_WARN_64_TO_32_BIT_CONVERSION = YES;
				GCC_WARN_ABOUT_RETURN_TYPE = YES_ERROR;
				GCC_WARN_UNDECLARED_SELECTOR = YES;
				GCC_WARN_UNINITIALIZED_AUTOS = YES_AGGRESSIVE;
				GCC_WARN_UNUSED_FUNCTION = YES;
				GCC_WARN_UNUSED_VARIABLE = YES;
				MACOSX_DEPLOYMENT_TARGET = 12.3;
				MTL_ENABLE_DEBUG_INFO = INCLUDE_SOURCE;
				MTL_FAST_MATH = YES;
				ONLY_ACTIVE_ARCH = YES;
				SDKROOT = macosx;
			};
			name = Debug;
		};
		5B2CC54428AE97730021F0D6 /* Release */ = {
			isa = XCBuildConfiguration;
			buildSettings = {
				ALWAYS_SEARCH_USER_PATHS = NO;
				CLANG_ANALYZER_NONNULL = YES;
				CLANG_ANALYZER_NUMBER_OBJECT_CONVERSION = YES_AGGRESSIVE;
				CLANG_CXX_LANGUAGE_STANDARD = "gnu++17";
				CLANG_ENABLE_MODULES = YES;
				CLANG_ENABLE_OBJC_ARC = YES;
				CLANG_ENABLE_OBJC_WEAK = YES;
				CLANG_WARN_BLOCK_CAPTURE_AUTORELEASING = YES;
				CLANG_WARN_BOOL_CONVERSION = YES;
				CLANG_WARN_COMMA = YES;
				CLANG_WARN_CONSTANT_CONVERSION = YES;
				CLANG_WARN_DEPRECATED_OBJC_IMPLEMENTATIONS = YES;
				CLANG_WARN_DIRECT_OBJC_ISA_USAGE = YES_ERROR;
				CLANG_WARN_DOCUMENTATION_COMMENTS = YES;
				CLANG_WARN_EMPTY_BODY = YES;
				CLANG_WARN_ENUM_CONVERSION = YES;
				CLANG_WARN_INFINITE_RECURSION = YES;
				CLANG_WARN_INT_CONVERSION = YES;
				CLANG_WARN_NON_LITERAL_NULL_CONVERSION = YES;
				CLANG_WARN_OBJC_IMPLICIT_RETAIN_SELF = YES;
				CLANG_WARN_OBJC_LITERAL_CONVERSION = YES;
				CLANG_WARN_OBJC_ROOT_CLASS = YES_ERROR;
				CLANG_WARN_QUOTED_INCLUDE_IN_FRAMEWORK_HEADER = YES;
				CLANG_WARN_RANGE_LOOP_ANALYSIS = YES;
				CLANG_WARN_STRICT_PROTOTYPES = YES;
				CLANG_WARN_SUSPICIOUS_MOVE = YES;
				CLANG_WARN_UNGUARDED_AVAILABILITY = YES_AGGRESSIVE;
				CLANG_WARN_UNREACHABLE_CODE = YES;
				CLANG_WARN__DUPLICATE_METHOD_MATCH = YES;
				COPY_PHASE_STRIP = NO;
				DEBUG_INFORMATION_FORMAT = "dwarf-with-dsym";
				ENABLE_NS_ASSERTIONS = NO;
				ENABLE_STRICT_OBJC_MSGSEND = YES;
				GCC_C_LANGUAGE_STANDARD = gnu11;
				GCC_NO_COMMON_BLOCKS = YES;
				GCC_WARN_64_TO_32_BIT_CONVERSION = YES;
				GCC_WARN_ABOUT_RETURN_TYPE = YES_ERROR;
				GCC_WARN_UNDECLARED_SELECTOR = YES;
				GCC_WARN_UNINITIALIZED_AUTOS = YES_AGGRESSIVE;
				GCC_WARN_UNUSED_FUNCTION = YES;
				GCC_WARN_UNUSED_VARIABLE = YES;
				MACOSX_DEPLOYMENT_TARGET = 12.3;
				MTL_ENABLE_DEBUG_INFO = NO;
				MTL_FAST_MATH = YES;
				SDKROOT = macosx;
			};
			name = Release;
		};
		5B2CC54628AE97730021F0D6 /* Debug */ = {
			isa = XCBuildConfiguration;
			buildSettings = {
				CODE_SIGN_STYLE = Automatic;
				DEVELOPMENT_TEAM = UFA8QK869P;
				ENABLE_HARDENED_RUNTIME = YES;
				PRODUCT_NAME = "$(TARGET_NAME)";
			};
			name = Debug;
		};
		5B2CC54728AE97730021F0D6 /* Release */ = {
			isa = XCBuildConfiguration;
			buildSettings = {
				CODE_SIGN_STYLE = Automatic;
				DEVELOPMENT_TEAM = UFA8QK869P;
				ENABLE_HARDENED_RUNTIME = YES;
				PRODUCT_NAME = "$(TARGET_NAME)";
			};
			name = Release;
		};
/* End XCBuildConfiguration section */

/* Begin XCConfigurationList section */
		5B2CC53928AE97730021F0D6 /* Build configuration list for PBXProject "SeaBattle" */ = {
			isa = XCConfigurationList;
			buildConfigurations = (
				5B2CC54328AE97730021F0D6 /* Debug */,
				5B2CC54428AE97730021F0D6 /* Release */,
			);
			defaultConfigurationIsVisible = 0;
			defaultConfigurationName = Release;
		};
		5B2CC54528AE97730021F0D6 /* Build configuration list for PBXNativeTarget "SeaBattle" */ = {
			isa = XCConfigurationList;
			buildConfigurations = (
				5B2CC54628AE97730021F0D6 /* Debug */,
				5B2CC54728AE97730021F0D6 /* Release */,
			);
			defaultConfigurationIsVisible = 0;
			defaultConfigurationName = Release;
		};
/* End XCConfigurationList section */
	};
	rootObject = 5B2CC53628AE97730021F0D6 /* Project object */;
}
